
Microsoft Visual Studio Solution File, Format Version 12.00
# Visual Studio Version 18
VisualStudioVersion = 18.9.12105.275
MinimumVisualStudioVersion = 10.0.40219.1
Project("{2150E333-8FDC-42A3-9474-1A3956D46DE8}") = "src", "src", "{827E0CD3-B72D-47B6-A68D-7590B98EB39B}"
EndProject
Project("{FAE04EC0-301F-11D3-BF4B-00C04F79EFBC}") = "AgriDrone.Api", "src\AgriDrone.Api\AgriDrone.Api.csproj", "{182B1363-4109-442C-B363-092AE3F5C4D3}"
EndProject
Project("{FAE04EC0-301F-11D3-BF4B-00C04F79EFBC}") = "AgriDrone.SharedInfrastructure", "src\BuildingBlocks\AgriDrone.SharedInfrastructure\AgriDrone.SharedInfrastructure.csproj", "{005948B9-D569-4DD0-9B01-BAF2B696F58A}"
EndProject
Project("{FAE04EC0-301F-11D3-BF4B-00C04F79EFBC}") = "AgriDrone.SharedKernel", "src\BuildingBlocks\AgriDrone.SharedKernel\AgriDrone.SharedKernel.csproj", "{54610CC0-C71A-4852-B31E-48AB80496705}"
EndProject
Project("{FAE04EC0-301F-11D3-BF4B-00C04F79EFBC}") = "AgriDrone.Modules.Identity", "src\Modules\AgriDrone.Modules.Identity\AgriDrone.Modules.Identity.csproj", "{99E1ACFF-990C-480A-9BD6-46A05271BCC5}"
EndProject
Project("{FAE04EC0-301F-11D3-BF4B-00C04F79EFBC}") = "AgriDrone.Modules.Farms", "src\Modules\AgriDrone.Modules.Farms\AgriDrone.Modules.Farms.csproj", "{EB286257-5BC9-4994-A344-0EBE994382C6}"
EndProject
Project("{FAE04EC0-301F-11D3-BF4B-00C04F79EFBC}") = "AgriDrone.Modules.Plants", "src\Modules\AgriDrone.Modules.Plants\AgriDrone.Modules.Plants.csproj", "{A3445B9B-0417-461F-AF0E-5DB2E863C632}"
EndProject
Project("{FAE04EC0-301F-11D3-BF4B-00C04F79EFBC}") = "AgriDrone.Modules.Missions", "src\Modules\AgriDrone.Modules.Missions\AgriDrone.Modules.Missions.csproj", "{D7878396-5708-4718-8B2F-89B4E092C981}"
EndProject
Project("{FAE04EC0-301F-11D3-BF4B-00C04F79EFBC}") = "AgriDrone.Modules.Harvests", "src\Modules\AgriDrone.Modules.Harvests\AgriDrone.Modules.Harvests.csproj", "{2D1C83B9-EB39-4A7A-8BA6-3E6AA79A2419}"
EndProject
Project("{FAE04EC0-301F-11D3-BF4B-00C04F79EFBC}") = "AgriDrone.Modules.FieldTasks", "src\Modules\AgriDrone.Modules.FieldTasks\AgriDrone.Modules.FieldTasks.csproj", "{B77D9225-BDA1-4CFC-9EF3-D3174B8DC925}"
EndProject
Project("{FAE04EC0-301F-11D3-BF4B-00C04F79EFBC}") = "AgriDrone.Modules.Notifications", "src\Modules\AgriDrone.Modules.Notifications\AgriDrone.Modules.Notifications.csproj", "{38A94A4D-DD21-428E-B4D4-64ABD13FBCCA}"
EndProject
Project("{2150E333-8FDC-42A3-9474-1A3956D46DE8}") = "BuildingBlocks", "BuildingBlocks", "{90298CBA-BD6F-3A0A-69D5-97CAD7B05E7E}"
EndProject
Project("{FAE04EC0-301F-11D3-BF4B-00C04F79EFBC}") = "AgriDrone.Database", "src\BuildingBlocks\AgriDrone.Database\AgriDrone.Database.csproj", "{0DF7BC67-3427-4A48-B568-2B1C724B2427}"
EndProject
Project("{2150E333-8FDC-42A3-9474-1A3956D46DE8}") = "Modules", "Modules", "{EC447DCF-ABFA-6E24-52A5-D7FD48A5C558}"
EndProject
Project("{2150E333-8FDC-42A3-9474-1A3956D46DE8}") = "Integrations", "Integrations", "{95CF60EF-5A8F-866C-1324-B5EA7AAAC44D}"
EndProject
Project("{FAE04EC0-301F-11D3-BF4B-00C04F79EFBC}") = "AgriDrone.Integrations.AI", "src\Integrations\AgriDrone.Integrations.AI\AgriDrone.Integrations.AI.csproj", "{2A8F00ED-830F-4D00-9774-A29F98BC1169}"
EndProject
Project("{FAE04EC0-301F-11D3-BF4B-00C04F79EFBC}") = "AgriDrone.Integrations.Media", "src\Integrations\AgriDrone.Integrations.Media\AgriDrone.Integrations.Media.csproj", "{BF9752E9-5BD3-440B-9477-D5C0AB8317AC}"
EndProject
Project("{2150E333-8FDC-42A3-9474-1A3956D46DE8}") = "tests", "tests", "{0AB3BF05-4346-4AA6-1389-037BE0695223}"
EndProject
Project("{FAE04EC0-301F-11D3-BF4B-00C04F79EFBC}") = "AgriDrone.UnitTests", "tests\AgriDrone.UnitTests\AgriDrone.UnitTests.csproj", "{CB0FECB7-6725-4798-A382-C849B54AD869}"
EndProject
Project("{FAE04EC0-301F-11D3-BF4B-00C04F79EFBC}") = "AgriDrone.IntegrationTests", "tests\AgriDrone.IntegrationTests\AgriDrone.IntegrationTests.csproj", "{2FE0F939-1E23-4C12-8F69-2D2CF9C62E64}"
EndProject
Project("{FAE04EC0-301F-11D3-BF4B-00C04F79EFBC}") = "AgriDrone.ArchitectureTests", "tests\AgriDrone.ArchitectureTests\AgriDrone.ArchitectureTests.csproj", "{167AA217-6E0F-4085-B2F7-B00A72CE6DE3}"
EndProject
Project("{FAE04EC0-301F-11D3-BF4B-00C04F79EFBC}") = "AgriDrone.Integrations.Email", "src\Integrations\AgriDrone.Integrations.Email\AgriDrone.Integrations.Email.csproj", "{22F78F71-2BEA-4ECE-9357-BA1B6C5EB9FA}"
EndProject
Global
	GlobalSection(SolutionConfigurationPlatforms) = preSolution
		Debug|Any CPU = Debug|Any CPU
		Debug|x64 = Debug|x64
		Debug|x86 = Debug|x86
		Release|Any CPU = Release|Any CPU
		Release|x64 = Release|x64
		Release|x86 = Release|x86
	EndGlobalSection
	GlobalSection(ProjectConfigurationPlatforms) = postSolution
		{182B1363-4109-442C-B363-092AE3F5C4D3}.Debug|Any CPU.ActiveCfg = Debug|Any CPU
		{182B1363-4109-442C-B363-092AE3F5C4D3}.Debug|Any CPU.Build.0 = Debug|Any CPU
		{182B1363-4109-442C-B363-092AE3F5C4D3}.Debug|x64.ActiveCfg = Debug|Any CPU
		{182B1363-4109-442C-B363-092AE3F5C4D3}.Debug|x64.Build.0 = Debug|Any CPU
		{182B1363-4109-442C-B363-092AE3F5C4D3}.Debug|x86.ActiveCfg = Debug|Any CPU
		{182B1363-4109-442C-B363-092AE3F5C4D3}.Debug|x86.Build.0 = Debug|Any CPU
		{182B1363-4109-442C-B363-092AE3F5C4D3}.Release|Any CPU.ActiveCfg = Release|Any CPU
		{182B1363-4109-442C-B363-092AE3F5C4D3}.Release|Any CPU.Build.0 = Release|Any CPU
		{182B1363-4109-442C-B363-092AE3F5C4D3}.Release|x64.ActiveCfg = Release|Any CPU
		{182B1363-4109-442C-B363-092AE3F5C4D3}.Release|x64.Build.0 = Release|Any CPU
		{182B1363-4109-442C-B363-092AE3F5C4D3}.Release|x86.ActiveCfg = Release|Any CPU
		{182B1363-4109-442C-B363-092AE3F5C4D3}.Release|x86.Build.0 = Release|Any CPU
		{005948B9-D569-4DD0-9B01-BAF2B696F58A}.Debug|Any CPU.ActiveCfg = Debug|Any CPU
		{005948B9-D569-4DD0-9B01-BAF2B696F58A}.Debug|Any CPU.Build.0 = Debug|Any CPU
		{005948B9-D569-4DD0-9B01-BAF2B696F58A}.Debug|x64.ActiveCfg = Debug|Any CPU
		{005948B9-D569-4DD0-9B01-BAF2B696F58A}.Debug|x64.Build.0 = Debug|Any CPU
		{005948B9-D569-4DD0-9B01-BAF2B696F58A}.Debug|x86.ActiveCfg = Debug|Any CPU
		{005948B9-D569-4DD0-9B01-BAF2B696F58A}.Debug|x86.Build.0 = Debug|Any CPU
		{005948B9-D569-4DD0-9B01-BAF2B696F58A}.Release|Any CPU.ActiveCfg = Release|Any CPU
		{005948B9-D569-4DD0-9B01-BAF2B696F58A}.Release|Any CPU.Build.0 = Release|Any CPU
		{005948B9-D569-4DD0-9B01-BAF2B696F58A}.Release|x64.ActiveCfg = Release|Any CPU
		{005948B9-D569-4DD0-9B01-BAF2B696F58A}.Release|x64.Build.0 = Release|Any CPU
		{005948B9-D569-4DD0-9B01-BAF2B696F58A}.Release|x86.ActiveCfg = Release|Any CPU
		{005948B9-D569-4DD0-9B01-BAF2B696F58A}.Release|x86.Build.0 = Release|Any CPU
		{54610CC0-C71A-4852-B31E-48AB80496705}.Debug|Any CPU.ActiveCfg = Debug|Any CPU
		{54610CC0-C71A-4852-B31E-48AB80496705}.Debug|Any CPU.Build.0 = Debug|Any CPU
		{54610CC0-C71A-4852-B31E-48AB80496705}.Debug|x64.ActiveCfg = Debug|Any CPU
		{54610CC0-C71A-4852-B31E-48AB80496705}.Debug|x64.Build.0 = Debug|Any CPU
		{54610CC0-C71A-4852-B31E-48AB80496705}.Debug|x86.ActiveCfg = Debug|Any CPU
		{54610CC0-C71A-4852-B31E-48AB80496705}.Debug|x86.Build.0 = Debug|Any CPU
		{54610CC0-C71A-4852-B31E-48AB80496705}.Release|Any CPU.ActiveCfg = Release|Any CPU
		{54610CC0-C71A-4852-B31E-48AB80496705}.Release|Any CPU.Build.0 = Release|Any CPU
		{54610CC0-C71A-4852-B31E-48AB80496705}.Release|x64.ActiveCfg = Release|Any CPU
		{54610CC0-C71A-4852-B31E-48AB80496705}.Release|x64.Build.0 = Release|Any CPU
		{54610CC0-C71A-4852-B31E-48AB80496705}.Release|x86.ActiveCfg = Release|Any CPU
		{54610CC0-C71A-4852-B31E-48AB80496705}.Release|x86.Build.0 = Release|Any CPU
		{99E1ACFF-990C-480A-9BD6-46A05271BCC5}.Debug|Any CPU.ActiveCfg = Debug|Any CPU
		{99E1ACFF-990C-480A-9BD6-46A05271BCC5}.Debug|Any CPU.Build.0 = Debug|Any CPU
		{99E1ACFF-990C-480A-9BD6-46A05271BCC5}.Debug|x64.ActiveCfg = Debug|Any CPU
		{99E1ACFF-990C-480A-9BD6-46A05271BCC5}.Debug|x64.Build.0 = Debug|Any CPU
		{99E1ACFF-990C-480A-9BD6-46A05271BCC5}.Debug|x86.ActiveCfg = Debug|Any CPU
		{99E1ACFF-990C-480A-9BD6-46A05271BCC5}.Debug|x86.Build.0 = Debug|Any CPU
		{99E1ACFF-990C-480A-9BD6-46A05271BCC5}.Release|Any CPU.ActiveCfg = Release|Any CPU
		{99E1ACFF-990C-480A-9BD6-46A05271BCC5}.Release|Any CPU.Build.0 = Release|Any CPU
		{99E1ACFF-990C-480A-9BD6-46A05271BCC5}.Release|x64.ActiveCfg = Release|Any CPU
		{99E1ACFF-990C-480A-9BD6-46A05271BCC5}.Release|x64.Build.0 = Release|Any CPU
		{99E1ACFF-990C-480A-9BD6-46A05271BCC5}.Release|x86.ActiveCfg = Release|Any CPU
		{99E1ACFF-990C-480A-9BD6-46A05271BCC5}.Release|x86.Build.0 = Release|Any CPU
		{EB286257-5BC9-4994-A344-0EBE994382C6}.Debug|Any CPU.ActiveCfg = Debug|Any CPU
		{EB286257-5BC9-4994-A344-0EBE994382C6}.Debug|Any CPU.Build.0 = Debug|Any CPU
		{EB286257-5BC9-4994-A344-0EBE994382C6}.Debug|x64.ActiveCfg = Debug|Any CPU
		{EB286257-5BC9-4994-A344-0EBE994382C6}.Debug|x64.Build.0 = Debug|Any CPU
		{EB286257-5BC9-4994-A344-0EBE994382C6}.Debug|x86.ActiveCfg = Debug|Any CPU
		{EB286257-5BC9-4994-A344-0EBE994382C6}.Debug|x86.Build.0 = Debug|Any CPU
		{EB286257-5BC9-4994-A344-0EBE994382C6}.Release|Any CPU.ActiveCfg = Release|Any CPU
		{EB286257-5BC9-4994-A344-0EBE994382C6}.Release|Any CPU.Build.0 = Release|Any CPU
		{EB286257-5BC9-4994-A344-0EBE994382C6}.Release|x64.ActiveCfg = Release|Any CPU
		{EB286257-5BC9-4994-A344-0EBE994382C6}.Release|x64.Build.0 = Release|Any CPU
		{EB286257-5BC9-4994-A344-0EBE994382C6}.Release|x86.ActiveCfg = Release|Any CPU
		{EB286257-5BC9-4994-A344-0EBE994382C6}.Release|x86.Build.0 = Release|Any CPU
		{A3445B9B-0417-461F-AF0E-5DB2E863C632}.Debug|Any CPU.ActiveCfg = Debug|Any CPU
		{A3445B9B-0417-461F-AF0E-5DB2E863C632}.Debug|Any CPU.Build.0 = Debug|Any CPU
		{A3445B9B-0417-461F-AF0E-5DB2E863C632}.Debug|x64.ActiveCfg = Debug|Any CPU
		{A3445B9B-0417-461F-AF0E-5DB2E863C632}.Debug|x64.Build.0 = Debug|Any CPU
		{A3445B9B-0417-461F-AF0E-5DB2E863C632}.Debug|x86.ActiveCfg = Debug|Any CPU
		{A3445B9B-0417-461F-AF0E-5DB2E863C632}.Debug|x86.Build.0 = Debug|Any CPU
		{A3445B9B-0417-461F-AF0E-5DB2E863C632}.Release|Any CPU.ActiveCfg = Release|Any CPU
		{A3445B9B-0417-461F-AF0E-5DB2E863C632}.Release|Any CPU.Build.0 = Release|Any CPU
		{A3445B9B-0417-461F-AF0E-5DB2E863C632}.Release|x64.ActiveCfg = Release|Any CPU
		{A3445B9B-0417-461F-AF0E-5DB2E863C632}.Release|x64.Build.0 = Release|Any CPU
		{A3445B9B-0417-461F-AF0E-5DB2E863C632}.Release|x86.ActiveCfg = Release|Any CPU
		{A3445B9B-0417-461F-AF0E-5DB2E863C632}.Release|x86.Build.0 = Release|Any CPU
		{D7878396-5708-4718-8B2F-89B4E092C981}.Debug|Any CPU.ActiveCfg = Debug|Any CPU
		{D7878396-5708-4718-8B2F-89B4E092C981}.Debug|Any CPU.Build.0 = Debug|Any CPU
		{D7878396-5708-4718-8B2F-89B4E092C981}.Debug|x64.ActiveCfg = Debug|Any CPU
		{D7878396-5708-4718-8B2F-89B4E092C981}.Debug|x64.Build.0 = Debug|Any CPU
		{D7878396-5708-4718-8B2F-89B4E092C981}.Debug|x86.ActiveCfg = Debug|Any CPU
		{D7878396-5708-4718-8B2F-89B4E092C981}.Debug|x86.Build.0 = Debug|Any CPU
		{D7878396-5708-4718-8B2F-89B4E092C981}.Release|Any CPU.ActiveCfg = Release|Any CPU
		{D7878396-5708-4718-8B2F-89B4E092C981}.Release|Any CPU.Build.0 = Release|Any CPU
		{D7878396-5708-4718-8B2F-89B4E092C981}.Release|x64.ActiveCfg = Release|Any CPU
		{D7878396-5708-4718-8B2F-89B4E092C981}.Release|x64.Build.0 = Release|Any CPU
		{D7878396-5708-4718-8B2F-89B4E092C981}.Release|x86.ActiveCfg = Release|Any CPU
		{D7878396-5708-4718-8B2F-89B4E092C981}.Release|x86.Build.0 = Release|Any CPU
		{2D1C83B9-EB39-4A7A-8BA6-3E6AA79A2419}.Debug|Any CPU.ActiveCfg = Debug|Any CPU
		{2D1C83B9-EB39-4A7A-8BA6-3E6AA79A2419}.Debug|Any CPU.Build.0 = Debug|Any CPU
		{2D1C83B9-EB39-4A7A-8BA6-3E6AA79A2419}.Debug|x64.ActiveCfg = Debug|Any CPU
		{2D1C83B9-EB39-4A7A-8BA6-3E6AA79A2419}.Debug|x64.Build.0 = Debug|Any CPU
		{2D1C83B9-EB39-4A7A-8BA6-3E6AA79A2419}.Debug|x86.ActiveCfg = Debug|Any CPU
		{2D1C83B9-EB39-4A7A-8BA6-3E6AA79A2419}.Debug|x86.Build.0 = Debug|Any CPU
		{2D1C83B9-EB39-4A7A-8BA6-3E6AA79A2419}.Release|Any CPU.ActiveCfg = Release|Any CPU
		{2D1C83B9-EB39-4A7A-8BA6-3E6AA79A2419}.Release|Any CPU.Build.0 = Release|Any CPU
		{2D1C83B9-EB39-4A7A-8BA6-3E6AA79A2419}.Release|x64.ActiveCfg = Release|Any CPU
		{2D1C83B9-EB39-4A7A-8BA6-3E6AA79A2419}.Release|x64.Build.0 = Release|Any CPU
		{2D1C83B9-EB39-4A7A-8BA6-3E6AA79A2419}.Release|x86.ActiveCfg = Release|Any CPU
		{2D1C83B9-EB39-4A7A-8BA6-3E6AA79A2419}.Release|x86.Build.0 = Release|Any CPU
		{B77D9225-BDA1-4CFC-9EF3-D3174B8DC925}.Debug|Any CPU.ActiveCfg = Debug|Any CPU
		{B77D9225-BDA1-4CFC-9EF3-D3174B8DC925}.Debug|Any CPU.Build.0 = Debug|Any CPU
		{B77D9225-BDA1-4CFC-9EF3-D3174B8DC925}.Debug|x64.ActiveCfg = Debug|Any CPU
		{B77D9225-BDA1-4CFC-9EF3-D3174B8DC925}.Debug|x64.Build.0 = Debug|Any CPU
		{B77D9225-BDA1-4CFC-9EF3-D3174B8DC925}.Debug|x86.ActiveCfg = Debug|Any CPU
		{B77D9225-BDA1-4CFC-9EF3-D3174B8DC925}.Debug|x86.Build.0 = Debug|Any CPU
		{B77D9225-BDA1-4CFC-9EF3-D3174B8DC925}.Release|Any CPU.ActiveCfg = Release|Any CPU
		{B77D9225-BDA1-4CFC-9EF3-D3174B8DC925}.Release|Any CPU.Build.0 = Release|Any CPU
		{B77D9225-BDA1-4CFC-9EF3-D3174B8DC925}.Release|x64.ActiveCfg = Release|Any CPU
		{B77D9225-BDA1-4CFC-9EF3-D3174B8DC925}.Release|x64.Build.0 = Release|Any CPU
		{B77D9225-BDA1-4CFC-9EF3-D3174B8DC925}.Release|x86.ActiveCfg = Release|Any CPU
		{B77D9225-BDA1-4CFC-9EF3-D3174B8DC925}.Release|x86.Build.0 = Release|Any CPU
		{38A94A4D-DD21-428E-B4D4-64ABD13FBCCA}.Debug|Any CPU.ActiveCfg = Debug|Any CPU
		{38A94A4D-DD21-428E-B4D4-64ABD13FBCCA}.Debug|Any CPU.Build.0 = Debug|Any CPU
		{38A94A4D-DD21-428E-B4D4-64ABD13FBCCA}.Debug|x64.ActiveCfg = Debug|Any CPU
		{38A94A4D-DD21-428E-B4D4-64ABD13FBCCA}.Debug|x64.Build.0 = Debug|Any CPU
		{38A94A4D-DD21-428E-B4D4-64ABD13FBCCA}.Debug|x86.ActiveCfg = Debug|Any CPU
		{38A94A4D-DD21-428E-B4D4-64ABD13FBCCA}.Debug|x86.Build.0 = Debug|Any CPU
		{38A94A4D-DD21-428E-B4D4-64ABD13FBCCA}.Release|Any CPU.ActiveCfg = Release|Any CPU
		{38A94A4D-DD21-428E-B4D4-64ABD13FBCCA}.Release|Any CPU.Build.0 = Release|Any CPU
		{38A94A4D-DD21-428E-B4D4-64ABD13FBCCA}.Release|x64.ActiveCfg = Release|Any CPU
		{38A94A4D-DD21-428E-B4D4-64ABD13FBCCA}.Release|x64.Build.0 = Release|Any CPU
		{38A94A4D-DD21-428E-B4D4-64ABD13FBCCA}.Release|x86.ActiveCfg = Release|Any CPU
		{38A94A4D-DD21-428E-B4D4-64ABD13FBCCA}.Release|x86.Build.0 = Release|Any CPU
		{0DF7BC67-3427-4A48-B568-2B1C724B2427}.Debug|Any CPU.ActiveCfg = Debug|Any CPU
		{0DF7BC67-3427-4A48-B568-2B1C724B2427}.Debug|Any CPU.Build.0 = Debug|Any CPU
		{0DF7BC67-3427-4A48-B568-2B1C724B2427}.Debug|x64.ActiveCfg = Debug|Any CPU
		{0DF7BC67-3427-4A48-B568-2B1C724B2427}.Debug|x64.Build.0 = Debug|Any CPU
		{0DF7BC67-3427-4A48-B568-2B1C724B2427}.Debug|x86.ActiveCfg = Debug|Any CPU
		{0DF7BC67-3427-4A48-B568-2B1C724B2427}.Debug|x86.Build.0 = Debug|Any CPU
		{0DF7BC67-3427-4A48-B568-2B1C724B2427}.Release|Any CPU.ActiveCfg = Release|Any CPU
		{0DF7BC67-3427-4A48-B568-2B1C724B2427}.Release|Any CPU.Build.0 = Release|Any CPU
		{0DF7BC67-3427-4A48-B568-2B1C724B2427}.Release|x64.ActiveCfg = Release|Any CPU
		{0DF7BC67-3427-4A48-B568-2B1C724B2427}.Release|x64.Build.0 = Release|Any CPU
		{0DF7BC67-3427-4A48-B568-2B1C724B2427}.Release|x86.ActiveCfg = Release|Any CPU
		{0DF7BC67-3427-4A48-B568-2B1C724B2427}.Release|x86.Build.0 = Release|Any CPU
		{2A8F00ED-830F-4D00-9774-A29F98BC1169}.Debug|Any CPU.ActiveCfg = Debug|Any CPU
		{2A8F00ED-830F-4D00-9774-A29F98BC1169}.Debug|Any CPU.Build.0 = Debug|Any CPU
		{2A8F00ED-830F-4D00-9774-A29F98BC1169}.Debug|x64.ActiveCfg = Debug|Any CPU
		{2A8F00ED-830F-4D00-9774-A29F98BC1169}.Debug|x64.Build.0 = Debug|Any CPU
		{2A8F00ED-830F-4D00-9774-A29F98BC1169}.Debug|x86.ActiveCfg = Debug|Any CPU
		{2A8F00ED-830F-4D00-9774-A29F98BC1169}.Debug|x86.Build.0 = Debug|Any CPU
		{2A8F00ED-830F-4D00-9774-A29F98BC1169}.Release|Any CPU.ActiveCfg = Release|Any CPU
		{2A8F00ED-830F-4D00-9774-A29F98BC1169}.Release|Any CPU.Build.0 = Release|Any CPU
		{2A8F00ED-830F-4D00-9774-A29F98BC1169}.Release|x64.ActiveCfg = Release|Any CPU
		{2A8F00ED-830F-4D00-9774-A29F98BC1169}.Release|x64.Build.0 = Release|Any CPU
		{2A8F00ED-830F-4D00-9774-A29F98BC1169}.Release|x86.ActiveCfg = Release|Any CPU
		{2A8F00ED-830F-4D00-9774-A29F98BC1169}.Release|x86.Build.0 = Release|Any CPU
		{BF9752E9-5BD3-440B-9477-D5C0AB8317AC}.Debug|Any CPU.ActiveCfg = Debug|Any CPU
		{BF9752E9-5BD3-440B-9477-D5C0AB8317AC}.Debug|Any CPU.Build.0 = Debug|Any CPU
		{BF9752E9-5BD3-440B-9477-D5C0AB8317AC}.Debug|x64.ActiveCfg = Debug|Any CPU
		{BF9752E9-5BD3-440B-9477-D5C0AB8317AC}.Debug|x64.Build.0 = Debug|Any CPU
		{BF9752E9-5BD3-440B-9477-D5C0AB8317AC}.Debug|x86.ActiveCfg = Debug|Any CPU
		{BF9752E9-5BD3-440B-9477-D5C0AB8317AC}.Debug|x86.Build.0 = Debug|Any CPU
		{BF9752E9-5BD3-440B-9477-D5C0AB8317AC}.Release|Any CPU.ActiveCfg = Release|Any CPU
		{BF9752E9-5BD3-440B-9477-D5C0AB8317AC}.Release|Any CPU.Build.0 = Release|Any CPU
		{BF9752E9-5BD3-440B-9477-D5C0AB8317AC}.Release|x64.ActiveCfg = Release|Any CPU
		{BF9752E9-5BD3-440B-9477-D5C0AB8317AC}.Release|x64.Build.0 = Release|Any CPU
		{BF9752E9-5BD3-440B-9477-D5C0AB8317AC}.Release|x86.ActiveCfg = Release|Any CPU
		{BF9752E9-5BD3-440B-9477-D5C0AB8317AC}.Release|x86.Build.0 = Release|Any CPU
		{CB0FECB7-6725-4798-A382-C849B54AD869}.Debug|Any CPU.ActiveCfg = Debug|Any CPU
		{CB0FECB7-6725-4798-A382-C849B54AD869}.Debug|Any CPU.Build.0 = Debug|Any CPU
		{CB0FECB7-6725-4798-A382-C849B54AD869}.Debug|x64.ActiveCfg = Debug|Any CPU
		{CB0FECB7-6725-4798-A382-C849B54AD869}.Debug|x64.Build.0 = Debug|Any CPU
		{CB0FECB7-6725-4798-A382-C849B54AD869}.Debug|x86.ActiveCfg = Debug|Any CPU
		{CB0FECB7-6725-4798-A382-C849B54AD869}.Debug|x86.Build.0 = Debug|Any CPU
		{CB0FECB7-6725-4798-A382-C849B54AD869}.Release|Any CPU.ActiveCfg = Release|Any CPU
		{CB0FECB7-6725-4798-A382-C849B54AD869}.Release|Any CPU.Build.0 = Release|Any CPU
		{CB0FECB7-6725-4798-A382-C849B54AD869}.Release|x64.ActiveCfg = Release|Any CPU
		{CB0FECB7-6725-4798-A382-C849B54AD869}.Release|x64.Build.0 = Release|Any CPU
		{CB0FECB7-6725-4798-A382-C849B54AD869}.Release|x86.ActiveCfg = Release|Any CPU
		{CB0FECB7-6725-4798-A382-C849B54AD869}.Release|x86.Build.0 = Release|Any CPU
		{2FE0F939-1E23-4C12-8F69-2D2CF9C62E64}.Debug|Any CPU.ActiveCfg = Debug|Any CPU
		{2FE0F939-1E23-4C12-8F69-2D2CF9C62E64}.Debug|Any CPU.Build.0 = Debug|Any CPU
		{2FE0F939-1E23-4C12-8F69-2D2CF9C62E64}.Debug|x64.ActiveCfg = Debug|Any CPU
		{2FE0F939-1E23-4C12-8F69-2D2CF9C62E64}.Debug|x64.Build.0 = Debug|Any CPU
		{2FE0F939-1E23-4C12-8F69-2D2CF9C62E64}.Debug|x86.ActiveCfg = Debug|Any CPU
		{2FE0F939-1E23-4C12-8F69-2D2CF9C62E64}.Debug|x86.Build.0 = Debug|Any CPU
		{2FE0F939-1E23-4C12-8F69-2D2CF9C62E64}.Release|Any CPU.ActiveCfg = Release|Any CPU
		{2FE0F939-1E23-4C12-8F69-2D2CF9C62E64}.Release|Any CPU.Build.0 = Release|Any CPU
		{2FE0F939-1E23-4C12-8F69-2D2CF9C62E64}.Release|x64.ActiveCfg = Release|Any CPU
		{2FE0F939-1E23-4C12-8F69-2D2CF9C62E64}.Release|x64.Build.0 = Release|Any CPU
		{2FE0F939-1E23-4C12-8F69-2D2CF9C62E64}.Release|x86.ActiveCfg = Release|Any CPU
		{2FE0F939-1E23-4C12-8F69-2D2CF9C62E64}.Release|x86.Build.0 = Release|Any CPU
		{167AA217-6E0F-4085-B2F7-B00A72CE6DE3}.Debug|Any CPU.ActiveCfg = Debug|Any CPU
		{167AA217-6E0F-4085-B2F7-B00A72CE6DE3}.Debug|Any CPU.Build.0 = Debug|Any CPU
		{167AA217-6E0F-4085-B2F7-B00A72CE6DE3}.Debug|x64.ActiveCfg = Debug|Any CPU
		{167AA217-6E0F-4085-B2F7-B00A72CE6DE3}.Debug|x64.Build.0 = Debug|Any CPU
		{167AA217-6E0F-4085-B2F7-B00A72CE6DE3}.Debug|x86.ActiveCfg = Debug|Any CPU
		{167AA217-6E0F-4085-B2F7-B00A72CE6DE3}.Debug|x86.Build.0 = Debug|Any CPU
		{167AA217-6E0F-4085-B2F7-B00A72CE6DE3}.Release|Any CPU.ActiveCfg = Release|Any CPU
		{167AA217-6E0F-4085-B2F7-B00A72CE6DE3}.Release|Any CPU.Build.0 = Release|Any CPU
		{167AA217-6E0F-4085-B2F7-B00A72CE6DE3}.Release|x64.ActiveCfg = Release|Any CPU
		{167AA217-6E0F-4085-B2F7-B00A72CE6DE3}.Release|x64.Build.0 = Release|Any CPU
		{167AA217-6E0F-4085-B2F7-B00A72CE6DE3}.Release|x86.ActiveCfg = Release|Any CPU
		{167AA217-6E0F-4085-B2F7-B00A72CE6DE3}.Release|x86.Build.0 = Release|Any CPU
		{22F78F71-2BEA-4ECE-9357-BA1B6C5EB9FA}.Debug|Any CPU.ActiveCfg = Debug|Any CPU
		{22F78F71-2BEA-4ECE-9357-BA1B6C5EB9FA}.Debug|Any CPU.Build.0 = Debug|Any CPU
		{22F78F71-2BEA-4ECE-9357-BA1B6C5EB9FA}.Debug|x64.ActiveCfg = Debug|Any CPU
		{22F78F71-2BEA-4ECE-9357-BA1B6C5EB9FA}.Debug|x64.Build.0 = Debug|Any CPU
		{22F78F71-2BEA-4ECE-9357-BA1B6C5EB9FA}.Debug|x86.ActiveCfg = Debug|Any CPU
		{22F78F71-2BEA-4ECE-9357-BA1B6C5EB9FA}.Debug|x86.Build.0 = Debug|Any CPU
		{22F78F71-2BEA-4ECE-9357-BA1B6C5EB9FA}.Release|Any CPU.ActiveCfg = Release|Any CPU
		{22F78F71-2BEA-4ECE-9357-BA1B6C5EB9FA}.Release|Any CPU.Build.0 = Release|Any CPU
		{22F78F71-2BEA-4ECE-9357-BA1B6C5EB9FA}.Release|x64.ActiveCfg = Release|Any CPU
		{22F78F71-2BEA-4ECE-9357-BA1B6C5EB9FA}.Release|x64.Build.0 = Release|Any CPU
		{22F78F71-2BEA-4ECE-9357-BA1B6C5EB9FA}.Release|x86.ActiveCfg = Release|Any CPU
		{22F78F71-2BEA-4ECE-9357-BA1B6C5EB9FA}.Release|x86.Build.0 = Release|Any CPU
	EndGlobalSection
	GlobalSection(SolutionProperties) = preSolution
		HideSolutionNode = FALSE
	EndGlobalSection
	GlobalSection(NestedProjects) = preSolution
		{182B1363-4109-442C-B363-092AE3F5C4D3} = {827E0CD3-B72D-47B6-A68D-7590B98EB39B}
		{005948B9-D569-4DD0-9B01-BAF2B696F58A} = {90298CBA-BD6F-3A0A-69D5-97CAD7B05E7E}
		{54610CC0-C71A-4852-B31E-48AB80496705} = {90298CBA-BD6F-3A0A-69D5-97CAD7B05E7E}
		{99E1ACFF-990C-480A-9BD6-46A05271BCC5} = {EC447DCF-ABFA-6E24-52A5-D7FD48A5C558}
		{EB286257-5BC9-4994-A344-0EBE994382C6} = {EC447DCF-ABFA-6E24-52A5-D7FD48A5C558}
		{A3445B9B-0417-461F-AF0E-5DB2E863C632} = {EC447DCF-ABFA-6E24-52A5-D7FD48A5C558}
		{D7878396-5708-4718-8B2F-89B4E092C981} = {EC447DCF-ABFA-6E24-52A5-D7FD48A5C558}
		{2D1C83B9-EB39-4A7A-8BA6-3E6AA79A2419} = {EC447DCF-ABFA-6E24-52A5-D7FD48A5C558}
		{B77D9225-BDA1-4CFC-9EF3-D3174B8DC925} = {EC447DCF-ABFA-6E24-52A5-D7FD48A5C558}
		{38A94A4D-DD21-428E-B4D4-64ABD13FBCCA} = {EC447DCF-ABFA-6E24-52A5-D7FD48A5C558}
		{90298CBA-BD6F-3A0A-69D5-97CAD7B05E7E} = {827E0CD3-B72D-47B6-A68D-7590B98EB39B}
		{0DF7BC67-3427-4A48-B568-2B1C724B2427} = {90298CBA-BD6F-3A0A-69D5-97CAD7B05E7E}
		{EC447DCF-ABFA-6E24-52A5-D7FD48A5C558} = {827E0CD3-B72D-47B6-A68D-7590B98EB39B}
		{95CF60EF-5A8F-866C-1324-B5EA7AAAC44D} = {827E0CD3-B72D-47B6-A68D-7590B98EB39B}
		{2A8F00ED-830F-4D00-9774-A29F98BC1169} = {95CF60EF-5A8F-866C-1324-B5EA7AAAC44D}
		{BF9752E9-5BD3-440B-9477-D5C0AB8317AC} = {95CF60EF-5A8F-866C-1324-B5EA7AAAC44D}
		{CB0FECB7-6725-4798-A382-C849B54AD869} = {0AB3BF05-4346-4AA6-1389-037BE0695223}
		{2FE0F939-1E23-4C12-8F69-2D2CF9C62E64} = {0AB3BF05-4346-4AA6-1389-037BE0695223}
		{167AA217-6E0F-4085-B2F7-B00A72CE6DE3} = {0AB3BF05-4346-4AA6-1389-037BE0695223}
		{22F78F71-2BEA-4ECE-9357-BA1B6C5EB9FA} = {95CF60EF-5A8F-866C-1324-B5EA7AAAC44D}
	EndGlobalSection
	GlobalSection(ExtensibilityGlobals) = postSolution
		SolutionGuid = {6D4036F3-76B9-4EEA-B630-C4F868A8951E}
	EndGlobalSection
EndGlobal
